
Microsoft Visual Studio Solution File, Format Version 12.00
# Visual Studio Version 17
VisualStudioVersion = 17.7.34009.444
MinimumVisualStudioVersion = 10.0.40219.1
Project("{FAE04EC0-301F-11D3-BF4B-00C04F79EFBC}") = "PrimerClasePractica", "PrimerClasePractica\PrimerClasePractica.csproj", "{F814B8A2-2662-40AB-9719-843FC9B8029D}"
EndProject
Global
	GlobalSection(SolutionConfigurationPlatforms) = preSolution
		Debug|Any CPU = Debug|Any CPU
		Release|Any CPU = Release|Any CPU
	EndGlobalSection
	GlobalSection(ProjectConfigurationPlatforms) = postSolution
		{F814B8A2-2662-40AB-9719-843FC9B8029D}.Debug|Any CPU.ActiveCfg = Debug|Any CPU
		{F814B8A2-2662-40AB-9719-843FC9B8029D}.Debug|Any CPU.Build.0 = Debug|Any CPU
		{F814B8A2-2662-40AB-9719-843FC9B8029D}.Release|Any CPU.ActiveCfg = Release|Any CPU
		{F814B8A2-2662-40AB-9719-843FC9B8029D}.Release|Any CPU.Build.0 = Release|Any CPU
	EndGlobalSection
	GlobalSection(SolutionProperties) = preSolution
		HideSolutionNode = FALSE
	EndGlobalSection
	GlobalSection(ExtensibilityGlobals) = postSolution
		SolutionGuid = {810AE174-C73F-453D-9F85-2D0E4382C044}
	EndGlobalSection
EndGlobal
